# Generated by pub
# See https://dart.dev/tools/pub/glossary#lockfile
packages:
  _fe_analyzer_shared:
    dependency: transitive
    description:
      name: _fe_analyzer_shared
      sha256: d93b0378aadce9c1388108067946276582c2ae89426c64c17920c74988508fed
      url: "https://pub.dev"
    source: hosted
    version: "22.0.0"
  _flutterfire_internals:
    dependency: transitive
    description:
      name: _flutterfire_internals
      sha256: d84d98f1992976775f83083523a34c5d22fea191eec3abb2bd09537fb623c2e0
      url: "https://pub.dev"
    source: hosted
    version: "1.3.7"
  alphabet_scroll_view:
    dependency: "direct main"
    description:
      name: alphabet_scroll_view
      sha256: f8192b043bcae855566ed471c4bc61c98bec761fb5091ed79d4bdbfcc5846e3b
      url: "https://pub.dev"
    source: hosted
    version: "0.3.2"
  analyzer:
    dependency: transitive
    description:
      name: analyzer
      sha256: "581a0281129283e75d4d67d6ac6e391c0515cdce37eb6eb4bc8a52e65d2b16b6"
      url: "https://pub.dev"
    source: hosted
    version: "1.7.2"
  animated_toggle_switch:
    dependency: "direct main"
    description:
      name: animated_toggle_switch
      sha256: "3c6d98dcd53cb93253a9418b888b3fcd9452a55fe1a7a390bd48c0a410a41634"
      url: "https://pub.dev"
    source: hosted
    version: "0.6.2"
  args:
    dependency: transitive
    description:
      name: args
      sha256: eef6c46b622e0494a36c5a12d10d77fb4e855501a91c1b9ef9339326e58f0596
      url: "https://pub.dev"
    source: hosted
    version: "2.4.2"
  async:
    dependency: transitive
    description:
      name: async
      sha256: "947bfcf187f74dbc5e146c9eb9c0f10c9f8b30743e341481c1e2ed3ecc18c20c"
      url: "https://pub.dev"
    source: hosted
    version: "2.11.0"
  boolean_selector:
    dependency: transitive
    description:
      name: boolean_selector
      sha256: "6cfb5af12253eaf2b368f07bacc5a80d1301a071c73360d746b7f2e32d762c66"
      url: "https://pub.dev"
    source: hosted
    version: "2.1.1"
  camera:
    dependency: "direct main"
    description:
      name: camera
      sha256: "1f9010f0689774380fbcd7d6b7820a5157e8e97685fa66d619e1d1f58b3fdf93"
      url: "https://pub.dev"
    source: hosted
    version: "0.10.5+5"
  camera_android:
    dependency: transitive
    description:
      name: camera_android
      sha256: c978373b41a463c9edda3fea0a06966299f55db63232cd0f0d4efc21a59a0006
      url: "https://pub.dev"
    source: hosted
    version: "0.10.8+12"
  camera_avfoundation:
    dependency: transitive
    description:
      name: camera_avfoundation
      sha256: "9495e633cda700717bbe299b0979e6c4a08cee45f298945973dc9cf3e4c1cba5"
      url: "https://pub.dev"
    source: hosted
    version: "0.9.13+6"
  camera_platform_interface:
    dependency: transitive
    description:
      name: camera_platform_interface
      sha256: "8734d1c682f034bdb12d0d6ff379b0535a9b8e44266b530025bf8266d6a62f28"
      url: "https://pub.dev"
    source: hosted
    version: "2.5.2"
  camera_web:
    dependency: transitive
    description:
      name: camera_web
      sha256: d4c2c571c7af04f8b10702ca16bb9ed2a26e64534171e8f75c9349b2c004d8f1
      url: "https://pub.dev"
    source: hosted
    version: "0.3.2+3"
  card_swiper:
    dependency: "direct main"
    description:
      name: card_swiper
      sha256: "0c94c538f47be1dab52d018d4900a7046b4cb0700dc7f95b8628da89d1212b35"
      url: "https://pub.dev"
    source: hosted
    version: "2.0.4"
  chaleno:
    dependency: "direct main"
    description:
      name: chaleno
      sha256: d4732915d065c634a7ec13f4c50efbef4815dceb9c3dc50c6d340252e1c7e1a6
      url: "https://pub.dev"
    source: hosted
    version: "0.0.6"
  characters:
    dependency: transitive
    description:
      name: characters
      sha256: "04a925763edad70e8443c99234dc3328f442e811f1d8fd1a72f1c8ad0f69a605"
      url: "https://pub.dev"
    source: hosted
    version: "1.3.0"
  chewie:
    dependency: transitive
    description:
      name: chewie
      sha256: "745e81e84c6d7f3835f89f85bb49771c0a66099e4caf8f8e9e9a372bc66fb2c1"
      url: "https://pub.dev"
    source: hosted
    version: "1.5.0"
  chewie_audio:
    dependency: transitive
    description:
      name: chewie_audio
      sha256: "73948a8b9841d050433af3498a1f8b11320bd5a2cd70b449bdbe16d4405e97c5"
      url: "https://pub.dev"
    source: hosted
    version: "1.5.0"
  cli_util:
    dependency: transitive
    description:
      name: cli_util
      sha256: "66f86e916d285c1a93d3b79587d94bd71984a66aac4ff74e524cfa7877f1395c"
      url: "https://pub.dev"
    source: hosted
    version: "0.3.5"
  clock:
    dependency: transitive
    description:
      name: clock
      sha256: cb6d7f03e1de671e34607e909a7213e31d7752be4fb66a86d29fe1eb14bfb5cf
      url: "https://pub.dev"
    source: hosted
    version: "1.1.1"
  cloud_firestore:
    dependency: "direct main"
    description:
      name: cloud_firestore
      sha256: "1179ae4c69e2ea18179d844d70fc6ed2f082a2bbeb7fa62d35a2a24e2992bd4d"
      url: "https://pub.dev"
    source: hosted
    version: "4.9.3"
  cloud_firestore_platform_interface:
    dependency: transitive
    description:
      name: cloud_firestore_platform_interface
      sha256: acdcf0743bbdd0e6b342f3d2033e15d260a2c6f9434dd34b008b8f1c35e62b23
      url: "https://pub.dev"
    source: hosted
    version: "5.16.2"
  cloud_firestore_web:
    dependency: transitive
    description:
      name: cloud_firestore_web
      sha256: "321bb0732c8d782a49aede96805e59609e05cf98b6c34370faa04103f46a4a3a"
      url: "https://pub.dev"
    source: hosted
    version: "3.7.2"
  collection:
    dependency: transitive
    description:
      name: collection
      sha256: f092b211a4319e98e5ff58223576de6c2803db36221657b46c82574721240687
      url: "https://pub.dev"
    source: hosted
    version: "1.17.2"
  convert:
    dependency: transitive
    description:
      name: convert
      sha256: "0f08b14755d163f6e2134cb58222dd25ea2a2ee8a195e53983d57c075324d592"
      url: "https://pub.dev"
    source: hosted
    version: "3.1.1"
  cross_file:
    dependency: transitive
    description:
      name: cross_file
      sha256: fd832b5384d0d6da4f6df60b854d33accaaeb63aa9e10e736a87381f08dee2cb
      url: "https://pub.dev"
    source: hosted
    version: "0.3.3+5"
  crypto:
    dependency: transitive
    description:
      name: crypto
      sha256: ff625774173754681d66daaf4a448684fb04b78f902da9cb3d308c19cc5e8bab
      url: "https://pub.dev"
    source: hosted
    version: "3.0.3"
  csslib:
    dependency: transitive
    description:
      name: csslib
      sha256: "831883fb353c8bdc1d71979e5b342c7d88acfbc643113c14ae51e2442ea0f20f"
      url: "https://pub.dev"
    source: hosted
    version: "0.17.3"
  cupertino_icons:
    dependency: "direct main"
    description:
      name: cupertino_icons
      sha256: d57953e10f9f8327ce64a508a355f0b1ec902193f66288e8cb5070e7c47eeb2d
      url: "https://pub.dev"
    source: hosted
    version: "1.0.6"
  dcdg:
    dependency: "direct main"
    description:
      name: dcdg
      sha256: "0bcaad2d2ac7cbae8fe2ca29846b3bc7bf2b4e13edaf4c42b766172b5ecee6c6"
      url: "https://pub.dev"
    source: hosted
    version: "3.1.1"
  dropdown_button2:
    dependency: "direct main"
    description:
      name: dropdown_button2
      sha256: b0fe8d49a030315e9eef6c7ac84ca964250155a6224d491c1365061bc974a9e1
      url: "https://pub.dev"
    source: hosted
    version: "2.3.9"
  email_validator:
    dependency: "direct main"
    description:
      name: email_validator
      sha256: e9a90f27ab2b915a27d7f9c2a7ddda5dd752d6942616ee83529b686fc086221b
      url: "https://pub.dev"
    source: hosted
    version: "2.1.17"
  fake_async:
    dependency: transitive
    description:
      name: fake_async
      sha256: "511392330127add0b769b75a987850d136345d9227c6b94c96a04cf4a391bf78"
      url: "https://pub.dev"
    source: hosted
    version: "1.3.1"
  ffi:
    dependency: transitive
    description:
      name: ffi
      sha256: "7bf0adc28a23d395f19f3f1eb21dd7cfd1dd9f8e1c50051c069122e6853bc878"
      url: "https://pub.dev"
    source: hosted
    version: "2.1.0"
  file:
    dependency: transitive
    description:
      name: file
      sha256: "5fc22d7c25582e38ad9a8515372cd9a93834027aacf1801cf01164dac0ffa08c"
      url: "https://pub.dev"
    source: hosted
    version: "7.0.0"
  file_selector_linux:
    dependency: transitive
    description:
      name: file_selector_linux
      sha256: "045d372bf19b02aeb69cacf8b4009555fb5f6f0b7ad8016e5f46dd1387ddd492"
      url: "https://pub.dev"
    source: hosted
    version: "0.9.2+1"
  file_selector_macos:
    dependency: transitive
    description:
      name: file_selector_macos
      sha256: b15c3da8bd4908b9918111fa486903f5808e388b8d1c559949f584725a6594d6
      url: "https://pub.dev"
    source: hosted
    version: "0.9.3+3"
  file_selector_platform_interface:
    dependency: transitive
    description:
      name: file_selector_platform_interface
      sha256: "0aa47a725c346825a2bd396343ce63ac00bda6eff2fbc43eabe99737dede8262"
      url: "https://pub.dev"
    source: hosted
    version: "2.6.1"
  file_selector_windows:
    dependency: transitive
    description:
      name: file_selector_windows
      sha256: d3547240c20cabf205c7c7f01a50ecdbc413755814d6677f3cb366f04abcead0
      url: "https://pub.dev"
    source: hosted
    version: "0.9.3+1"
  firebase_auth:
    dependency: "direct main"
    description:
      name: firebase_auth
      sha256: "95c74884ff25eafcbbbcd5506b738e68ee98ff54d09522a6092a2fb95d02ee7a"
      url: "https://pub.dev"
    source: hosted
    version: "4.10.1"
  firebase_auth_platform_interface:
    dependency: transitive
    description:
      name: firebase_auth_platform_interface
      sha256: "05d2636673e145d2b5eccc452c009808af4c15e8b402f34bb8fec63f2c76e86b"
      url: "https://pub.dev"
    source: hosted
    version: "6.19.1"
  firebase_auth_web:
    dependency: transitive
    description:
      name: firebase_auth_web
      sha256: "4b8374da5d8969f99453ebd65074c1d379fe781bb3680fa7f65a4d3ac4ec87b3"
      url: "https://pub.dev"
    source: hosted
    version: "5.8.2"
  firebase_core:
    dependency: "direct main"
    description:
      name: firebase_core
      sha256: "95580fa07c8ca3072a2bb1fecd792616a33f8683477d25b7d29d3a6a399e6ece"
      url: "https://pub.dev"
    source: hosted
    version: "2.17.0"
  firebase_core_platform_interface:
    dependency: transitive
    description:
      name: firebase_core_platform_interface
      sha256: b63e3be6c96ef5c33bdec1aab23c91eb00696f6452f0519401d640938c94cba2
      url: "https://pub.dev"
    source: hosted
    version: "4.8.0"
  firebase_core_web:
    dependency: transitive
    description:
      name: firebase_core_web
      sha256: e8c408923cd3a25bd342c576a114f2126769cd1a57106a4edeaa67ea4a84e962
      url: "https://pub.dev"
    source: hosted
    version: "2.8.0"
  floating_action_bubble_custom:
    dependency: "direct main"
    description:
      name: floating_action_bubble_custom
      sha256: ebd9450380250ad7bb1ea3fc68fb040b3648ca9c5e29c20d0ea878c1e081e0d0
      url: "https://pub.dev"
    source: hosted
    version: "1.0.0+2"
  flutter:
    dependency: "direct main"
    description: flutter
    source: sdk
    version: "0.0.0"
  flutter_html:
    dependency: "direct main"
    description:
      name: flutter_html
      sha256: ccb810fcabfce3a7ffaca46e458323915ac7e7fc59082c7357ff848972c02230
      url: "https://pub.dev"
    source: hosted
    version: "2.2.1"
  flutter_layout_grid:
    dependency: transitive
    description:
      name: flutter_layout_grid
      sha256: "86c1b21520612edfbb93f189b3ec05058470570f3a5c08ce10c92cc76a6e814e"
      url: "https://pub.dev"
    source: hosted
    version: "1.0.6"
  flutter_lints:
    dependency: "direct dev"
    description:
      name: flutter_lints
      sha256: a25a15ebbdfc33ab1cd26c63a6ee519df92338a9c10f122adda92938253bef04
      url: "https://pub.dev"
    source: hosted
    version: "2.0.3"
  flutter_math_fork:
    dependency: transitive
    description:
      name: flutter_math_fork
      sha256: a34205227e1a1d040a56e74a5e2e56e9397ea930540a9373bd0b3e2e4f122017
      url: "https://pub.dev"
    source: hosted
    version: "0.5.0"
  flutter_plugin_android_lifecycle:
    dependency: transitive
    description:
      name: flutter_plugin_android_lifecycle
      sha256: f185ac890306b5779ecbd611f52502d8d4d63d27703ef73161ca0407e815f02c
      url: "https://pub.dev"
    source: hosted
    version: "2.0.16"
  flutter_svg:
    dependency: transitive
    description:
      name: flutter_svg
      sha256: cbf529d563dd910a249041bde2a0dfc3cf62280fcc459b85f3d614b2ab73abb3
      url: "https://pub.dev"
    source: hosted
    version: "0.23.0+1"
  flutter_test:
    dependency: "direct dev"
    description: flutter
    source: sdk
    version: "0.0.0"
  flutter_tts:
    dependency: "direct main"
    description:
      name: flutter_tts
      sha256: e91ad17793ad12cca9c3066accf99ceb353bf0355ad06b767176f178b5c428f6
      url: "https://pub.dev"
    source: hosted
    version: "3.6.3"
  flutter_web_plugins:
    dependency: transitive
    description: flutter
    source: sdk
    version: "0.0.0"
  gallery_saver:
    dependency: "direct main"
    description:
      name: gallery_saver
      sha256: df8b7e207ca12d64c71e0710a7ee3bc48aa7206d51cc720716fedb1543a66712
      url: "https://pub.dev"
    source: hosted
    version: "2.3.2"
  glob:
    dependency: transitive
    description:
      name: glob
      sha256: "0e7014b3b7d4dac1ca4d6114f82bf1782ee86745b9b42a92c9289c23d8a0ab63"
      url: "https://pub.dev"
    source: hosted
    version: "2.1.2"
  google_mlkit_commons:
    dependency: transitive
    description:
      name: google_mlkit_commons
      sha256: af63771903947d5523d9e991a939a4b8bf994f11661c9b9c8a71d7d3997115f8
      url: "https://pub.dev"
    source: hosted
    version: "0.2.0"
  google_mlkit_text_recognition:
    dependency: "direct main"
    description:
      name: google_mlkit_text_recognition
      sha256: "6dc31f02beb1cfd6818da4bf29bf4ae5f4f9e16422c1efd0b515ed0756d73b8e"
      url: "https://pub.dev"
    source: hosted
    version: "0.5.0"
  hangul:
    dependency: "direct main"
    description:
      name: hangul
      sha256: "8d9393914195b1bac66eb36dad5c1009416903f719af9cd88ea8ddea3fd47abc"
      url: "https://pub.dev"
    source: hosted
    version: "0.4.0"
  html:
    dependency: transitive
    description:
      name: html
      sha256: "3a7812d5bcd2894edf53dfaf8cd640876cf6cef50a8f238745c8b8120ea74d3a"
      url: "https://pub.dev"
    source: hosted
    version: "0.15.4"
  http:
    dependency: "direct main"
    description:
      name: http
      sha256: "5895291c13fa8a3bd82e76d5627f69e0d85ca6a30dcac95c4ea19a5d555879c2"
      url: "https://pub.dev"
    source: hosted
    version: "0.13.6"
  http_parser:
    dependency: transitive
    description:
      name: http_parser
      sha256: "2aa08ce0341cc9b354a498388e30986515406668dbcc4f7c950c3e715496693b"
      url: "https://pub.dev"
    source: hosted
    version: "4.0.2"
  image_gallery_saver:
    dependency: "direct main"
    description:
      name: image_gallery_saver
      sha256: "0aba74216a4d9b0561510cb968015d56b701ba1bd94aace26aacdd8ae5761816"
      url: "https://pub.dev"
    source: hosted
    version: "2.0.3"
  image_picker:
    dependency: "direct main"
    description:
      name: image_picker
      sha256: "7d7f2768df2a8b0a3cefa5ef4f84636121987d403130e70b17ef7e2cf650ba84"
      url: "https://pub.dev"
    source: hosted
    version: "1.0.4"
  image_picker_android:
    dependency: transitive
    description:
      name: image_picker_android
      sha256: "0c7b83bbe2980c8a8e36e974f055e11e51675784e13a4762889feed0f3937ff2"
      url: "https://pub.dev"
    source: hosted
    version: "0.8.8+1"
  image_picker_for_web:
    dependency: transitive
    description:
      name: image_picker_for_web
      sha256: "50bc9ae6a77eea3a8b11af5eb6c661eeb858fdd2f734c2a4fd17086922347ef7"
      url: "https://pub.dev"
    source: hosted
    version: "3.0.1"
  image_picker_ios:
    dependency: transitive
    description:
      name: image_picker_ios
      sha256: c5538cacefacac733c724be7484377923b476216ad1ead35a0d2eadcdc0fc497
      url: "https://pub.dev"
    source: hosted
    version: "0.8.8+2"
  image_picker_linux:
    dependency: transitive
    description:
      name: image_picker_linux
      sha256: "4ed1d9bb36f7cd60aa6e6cd479779cc56a4cb4e4de8f49d487b1aaad831300fa"
      url: "https://pub.dev"
    source: hosted
    version: "0.2.1+1"
  image_picker_macos:
    dependency: transitive
    description:
      name: image_picker_macos
      sha256: "3f5ad1e8112a9a6111c46d0b57a7be2286a9a07fc6e1976fdf5be2bd31d4ff62"
      url: "https://pub.dev"
    source: hosted
    version: "0.2.1+1"
  image_picker_platform_interface:
    dependency: transitive
    description:
      name: image_picker_platform_interface
      sha256: ed9b00e63977c93b0d2d2b343685bed9c324534ba5abafbb3dfbd6a780b1b514
      url: "https://pub.dev"
    source: hosted
    version: "2.9.1"
  image_picker_windows:
    dependency: transitive
    description:
      name: image_picker_windows
      sha256: "6ad07afc4eb1bc25f3a01084d28520496c4a3bb0cb13685435838167c9dcedeb"
      url: "https://pub.dev"
    source: hosted
    version: "0.2.1+1"
  intl:
    dependency: "direct main"
    description:
      name: intl
      sha256: "3bc132a9dbce73a7e4a21a17d06e1878839ffbf975568bc875c60537824b0c4d"
      url: "https://pub.dev"
    source: hosted
    version: "0.18.1"
  js:
    dependency: transitive
    description:
      name: js
      sha256: f2c445dce49627136094980615a031419f7f3eb393237e4ecd97ac15dea343f3
      url: "https://pub.dev"
    source: hosted
    version: "0.6.7"
  lints:
    dependency: transitive
    description:
      name: lints
      sha256: "0a217c6c989d21039f1498c3ed9f3ed71b354e69873f13a8dfc3c9fe76f1b452"
      url: "https://pub.dev"
    source: hosted
    version: "2.1.1"
  matcher:
    dependency: transitive
    description:
      name: matcher
      sha256: "1803e76e6653768d64ed8ff2e1e67bea3ad4b923eb5c56a295c3e634bad5960e"
      url: "https://pub.dev"
    source: hosted
    version: "0.12.16"
  material_color_utilities:
    dependency: transitive
    description:
      name: material_color_utilities
      sha256: "9528f2f296073ff54cb9fee677df673ace1218163c3bc7628093e7eed5203d41"
      url: "https://pub.dev"
    source: hosted
    version: "0.5.0"
  meta:
    dependency: transitive
    description:
      name: meta
      sha256: "3c74dbf8763d36539f114c799d8a2d87343b5067e9d796ca22b5eb8437090ee3"
      url: "https://pub.dev"
    source: hosted
    version: "1.9.1"
  mime:
    dependency: transitive
    description:
      name: mime
      sha256: e4ff8e8564c03f255408decd16e7899da1733852a9110a58fe6d1b817684a63e
      url: "https://pub.dev"
    source: hosted
    version: "1.0.4"
  nested:
    dependency: transitive
    description:
      name: nested
      sha256: "03bac4c528c64c95c722ec99280375a6f2fc708eec17c7b3f07253b626cd2a20"
      url: "https://pub.dev"
    source: hosted
    version: "1.0.0"
  numerus:
    dependency: transitive
    description:
      name: numerus
      sha256: "0087ef729d63b96cb347a9c44b9c592f21cecb3605b415bbd18710aef80ce5cb"
      url: "https://pub.dev"
    source: hosted
    version: "1.1.1"
  package_config:
    dependency: transitive
    description:
      name: package_config
      sha256: "1c5b77ccc91e4823a5af61ee74e6b972db1ef98c2ff5a18d3161c982a55448bd"
      url: "https://pub.dev"
    source: hosted
    version: "2.1.0"
  path:
    dependency: "direct main"
    description:
      name: path
      sha256: "8829d8a55c13fc0e37127c29fedf290c102f4e40ae94ada574091fe0ff96c917"
      url: "https://pub.dev"
    source: hosted
    version: "1.8.3"
  path_drawing:
    dependency: transitive
    description:
      name: path_drawing
      sha256: "3bdd251dae9ffaef944450b73f168610db7e968e7b20daf0c3907f8b4aafc8a2"
      url: "https://pub.dev"
    source: hosted
    version: "0.5.1+1"
  path_parsing:
    dependency: transitive
    description:
      name: path_parsing
      sha256: ee5c47c1058ad66b4a41746ec3996af9593d0858872807bcd64ac118f0700337
      url: "https://pub.dev"
    source: hosted
    version: "0.2.1"
  path_provider:
    dependency: "direct main"
    description:
      name: path_provider
      sha256: a1aa8aaa2542a6bc57e381f132af822420216c80d4781f7aa085ca3229208aaa
      url: "https://pub.dev"
    source: hosted
    version: "2.1.1"
  path_provider_android:
    dependency: transitive
    description:
      name: path_provider_android
      sha256: "6b8b19bd80da4f11ce91b2d1fb931f3006911477cec227cce23d3253d80df3f1"
      url: "https://pub.dev"
    source: hosted
    version: "2.2.0"
  path_provider_foundation:
    dependency: transitive
    description:
      name: path_provider_foundation
      sha256: "19314d595120f82aca0ba62787d58dde2cc6b5df7d2f0daf72489e38d1b57f2d"
      url: "https://pub.dev"
    source: hosted
    version: "2.3.1"
  path_provider_linux:
    dependency: transitive
    description:
      name: path_provider_linux
      sha256: f7a1fe3a634fe7734c8d3f2766ad746ae2a2884abe22e241a8b301bf5cac3279
      url: "https://pub.dev"
    source: hosted
    version: "2.2.1"
  path_provider_platform_interface:
    dependency: transitive
    description:
      name: path_provider_platform_interface
      sha256: "94b1e0dd80970c1ce43d5d4e050a9918fce4f4a775e6142424c30a29a363265c"
      url: "https://pub.dev"
    source: hosted
    version: "2.1.1"
  path_provider_windows:
    dependency: transitive
    description:
      name: path_provider_windows
      sha256: "8bc9f22eee8690981c22aa7fc602f5c85b497a6fb2ceb35ee5a5e5ed85ad8170"
      url: "https://pub.dev"
    source: hosted
    version: "2.2.1"
  pedantic:
    dependency: transitive
    description:
      name: pedantic
      sha256: "67fc27ed9639506c856c840ccce7594d0bdcd91bc8d53d6e52359449a1d50602"
      url: "https://pub.dev"
    source: hosted
    version: "1.11.1"
  permission_handler:
    dependency: "direct main"
    description:
      name: permission_handler
      sha256: bc56bfe9d3f44c3c612d8d393bd9b174eb796d706759f9b495ac254e4294baa5
      url: "https://pub.dev"
    source: hosted
    version: "10.4.5"
  permission_handler_android:
    dependency: transitive
    description:
      name: permission_handler_android
      sha256: "59c6322171c29df93a22d150ad95f3aa19ed86542eaec409ab2691b8f35f9a47"
      url: "https://pub.dev"
    source: hosted
    version: "10.3.6"
  permission_handler_apple:
    dependency: transitive
    description:
      name: permission_handler_apple
      sha256: "99e220bce3f8877c78e4ace901082fb29fa1b4ebde529ad0932d8d664b34f3f5"
      url: "https://pub.dev"
    source: hosted
    version: "9.1.4"
  permission_handler_platform_interface:
    dependency: transitive
    description:
      name: permission_handler_platform_interface
      sha256: "6760eb5ef34589224771010805bea6054ad28453906936f843a8cc4d3a55c4a4"
      url: "https://pub.dev"
    source: hosted
    version: "3.12.0"
  permission_handler_windows:
    dependency: transitive
    description:
      name: permission_handler_windows
      sha256: cc074aace208760f1eee6aa4fae766b45d947df85bc831cde77009cdb4720098
      url: "https://pub.dev"
    source: hosted
    version: "0.1.3"
  petitparser:
    dependency: transitive
    description:
      name: petitparser
      sha256: cb3798bef7fc021ac45b308f4b51208a152792445cce0448c9a4ba5879dd8750
      url: "https://pub.dev"
    source: hosted
    version: "5.4.0"
  platform:
    dependency: transitive
    description:
      name: platform
      sha256: "0a279f0707af40c890e80b1e9df8bb761694c074ba7e1d4ab1bc4b728e200b59"
      url: "https://pub.dev"
    source: hosted
    version: "3.1.3"
  plugin_platform_interface:
    dependency: transitive
    description:
      name: plugin_platform_interface
      sha256: da3fdfeccc4d4ff2da8f8c556704c08f912542c5fb3cf2233ed75372384a034d
      url: "https://pub.dev"
    source: hosted
    version: "2.1.6"
  provider:
    dependency: transitive
    description:
      name: provider
      sha256: cdbe7530b12ecd9eb455bdaa2fcb8d4dad22e80b8afb4798b41479d5ce26847f
      url: "https://pub.dev"
    source: hosted
    version: "6.0.5"
  pub_semver:
    dependency: transitive
    description:
      name: pub_semver
      sha256: "40d3ab1bbd474c4c2328c91e3a7df8c6dd629b79ece4c4bd04bee496a224fb0c"
      url: "https://pub.dev"
    source: hosted
    version: "2.1.4"
  quiver:
    dependency: transitive
    description:
      name: quiver
      sha256: b1c1ac5ce6688d77f65f3375a9abb9319b3cb32486bdc7a1e0fdf004d7ba4e47
      url: "https://pub.dev"
    source: hosted
    version: "3.2.1"
  sky_engine:
    dependency: transitive
    description: flutter
    source: sdk
    version: "0.0.99"
  source_span:
    dependency: transitive
    description:
      name: source_span
      sha256: "53e943d4206a5e30df338fd4c6e7a077e02254531b138a15aec3bd143c1a8b3c"
      url: "https://pub.dev"
    source: hosted
    version: "1.10.0"
  stack_trace:
    dependency: transitive
    description:
      name: stack_trace
      sha256: c3c7d8edb15bee7f0f74debd4b9c5f3c2ea86766fe4178eb2a18eb30a0bdaed5
      url: "https://pub.dev"
    source: hosted
    version: "1.11.0"
  stream_channel:
    dependency: transitive
    description:
      name: stream_channel
      sha256: "83615bee9045c1d322bbbd1ba209b7a749c2cbcdcb3fdd1df8eb488b3279c1c8"
      url: "https://pub.dev"
    source: hosted
    version: "2.1.1"
  stream_transform:
    dependency: transitive
    description:
      name: stream_transform
      sha256: "14a00e794c7c11aa145a170587321aedce29769c08d7f58b1d141da75e3b1c6f"
      url: "https://pub.dev"
    source: hosted
    version: "2.1.0"
  string_scanner:
    dependency: transitive
    description:
      name: string_scanner
      sha256: "556692adab6cfa87322a115640c11f13cb77b3f076ddcc5d6ae3c20242bedcde"
      url: "https://pub.dev"
    source: hosted
    version: "1.2.0"
  term_glyph:
    dependency: transitive
    description:
      name: term_glyph
      sha256: a29248a84fbb7c79282b40b8c72a1209db169a2e0542bce341da992fe1bc7e84
      url: "https://pub.dev"
    source: hosted
    version: "1.2.1"
  test_api:
    dependency: transitive
    description:
      name: test_api
      sha256: "75760ffd7786fffdfb9597c35c5b27eaeec82be8edfb6d71d32651128ed7aab8"
      url: "https://pub.dev"
    source: hosted
    version: "0.6.0"
  toggle_switch:
    dependency: "direct main"
    description:
      name: toggle_switch
      sha256: "9e6af1f0c5a97d9de41109dc7b9e1b3bbe73417f89b10e0e44dc834fb493d4cb"
      url: "https://pub.dev"
    source: hosted
    version: "2.1.0"
  tuple:
    dependency: transitive
    description:
      name: tuple
      sha256: a97ce2013f240b2f3807bcbaf218765b6f301c3eff91092bcfa23a039e7dd151
      url: "https://pub.dev"
    source: hosted
    version: "2.0.2"
  typed_data:
    dependency: transitive
    description:
      name: typed_data
      sha256: facc8d6582f16042dd49f2463ff1bd6e2c9ef9f3d5da3d9b087e244a7b564b3c
      url: "https://pub.dev"
    source: hosted
    version: "1.3.2"
  vector_math:
    dependency: transitive
    description:
      name: vector_math
      sha256: "80b3257d1492ce4d091729e3a67a60407d227c27241d6927be0130c98e741803"
      url: "https://pub.dev"
    source: hosted
    version: "2.1.4"
  video_player:
    dependency: transitive
    description:
      name: video_player
      sha256: "74b86e63529cf5885130c639d74cd2f9232e7c8a66cbecbddd1dcb9dbd060d1e"
      url: "https://pub.dev"
    source: hosted
    version: "2.7.2"
  video_player_android:
    dependency: transitive
    description:
      name: video_player_android
      sha256: "3fe89ab07fdbce786e7eb25b58532d6eaf189ceddc091cb66cba712f8d9e8e55"
      url: "https://pub.dev"
    source: hosted
    version: "2.4.10"
  video_player_avfoundation:
    dependency: transitive
    description:
      name: video_player_avfoundation
      sha256: "6387c2de77763b45104256b3b00b660089be4f909ded8631457dc11bf635e38f"
      url: "https://pub.dev"
    source: hosted
    version: "2.5.0"
  video_player_platform_interface:
    dependency: transitive
    description:
      name: video_player_platform_interface
      sha256: be72301bf2c0150ab35a8c34d66e5a99de525f6de1e8d27c0672b836fe48f73a
      url: "https://pub.dev"
    source: hosted
    version: "6.2.1"
  video_player_web:
    dependency: transitive
    description:
      name: video_player_web
      sha256: "2dd24f7ba46bfb5d070e9c795001db95e0ca5f2a3d025e98f287c10c9f0fd62f"
      url: "https://pub.dev"
    source: hosted
    version: "2.1.1"
  wakelock:
    dependency: transitive
    description:
      name: wakelock
      sha256: "769ecf42eb2d07128407b50cb93d7c10bd2ee48f0276ef0119db1d25cc2f87db"
      url: "https://pub.dev"
    source: hosted
    version: "0.6.2"
  wakelock_macos:
    dependency: transitive
    description:
      name: wakelock_macos
      sha256: "047c6be2f88cb6b76d02553bca5a3a3b95323b15d30867eca53a19a0a319d4cd"
      url: "https://pub.dev"
    source: hosted
    version: "0.4.0"
  wakelock_platform_interface:
    dependency: transitive
    description:
      name: wakelock_platform_interface
      sha256: "1f4aeb81fb592b863da83d2d0f7b8196067451e4df91046c26b54a403f9de621"
      url: "https://pub.dev"
    source: hosted
    version: "0.3.0"
  wakelock_web:
    dependency: transitive
    description:
      name: wakelock_web
      sha256: "1b256b811ee3f0834888efddfe03da8d18d0819317f20f6193e2922b41a501b5"
      url: "https://pub.dev"
    source: hosted
    version: "0.4.0"
  wakelock_windows:
    dependency: transitive
    description:
      name: wakelock_windows
      sha256: "857f77b3fe6ae82dd045455baa626bc4b93cb9bb6c86bf3f27c182167c3a5567"
      url: "https://pub.dev"
    source: hosted
    version: "0.2.1"
  watcher:
    dependency: transitive
    description:
      name: watcher
      sha256: "3d2ad6751b3c16cf07c7fca317a1413b3f26530319181b37e3b9039b84fc01d8"
      url: "https://pub.dev"
    source: hosted
    version: "1.1.0"
  web:
    dependency: transitive
    description:
      name: web
      sha256: dc8ccd225a2005c1be616fe02951e2e342092edf968cf0844220383757ef8f10
      url: "https://pub.dev"
    source: hosted
    version: "0.1.4-beta"
  web_scraper:
    dependency: "direct main"
    description:
      name: web_scraper
      sha256: "34d41de25c1aaeeca2cd91c1d062ee3126f59db6c84ec32da17d44d082ecc177"
      url: "https://pub.dev"
    source: hosted
    version: "0.1.4"
  webview_flutter:
    dependency: transitive
    description:
      name: webview_flutter
      sha256: "6886b3ceef1541109df5001054aade5ee3c36b5780302e41701c78357233721c"
      url: "https://pub.dev"
    source: hosted
    version: "2.8.0"
  webview_flutter_android:
    dependency: transitive
    description:
      name: webview_flutter_android
      sha256: "8b3b2450e98876c70bfcead876d9390573b34b9418c19e28168b74f6cb252dbd"
      url: "https://pub.dev"
    source: hosted
    version: "2.10.4"
  webview_flutter_platform_interface:
    dependency: transitive
    description:
      name: webview_flutter_platform_interface
      sha256: "812165e4e34ca677bdfbfa58c01e33b27fd03ab5fa75b70832d4b7d4ca1fa8cf"
      url: "https://pub.dev"
    source: hosted
    version: "1.9.5"
  webview_flutter_wkwebview:
    dependency: transitive
    description:
      name: webview_flutter_wkwebview
      sha256: a5364369c758892aa487cbf59ea41d9edd10f9d9baf06a94e80f1bd1b4c7bbc0
      url: "https://pub.dev"
    source: hosted
    version: "2.9.5"
  win32:
    dependency: transitive
    description:
      name: win32
      sha256: a6f0236dbda0f63aa9a25ad1ff9a9d8a4eaaa5012da0dc59d21afdb1dc361ca4
      url: "https://pub.dev"
    source: hosted
    version: "3.1.4"
  xdg_directories:
    dependency: transitive
    description:
      name: xdg_directories
      sha256: "589ada45ba9e39405c198fe34eb0f607cddb2108527e658136120892beac46d2"
      url: "https://pub.dev"
    source: hosted
    version: "1.0.3"
  xml:
    dependency: transitive
    description:
      name: xml
      sha256: "80d494c09849dc3f899d227a78c30c5b949b985ededf884cb3f3bcd39f4b447a"
      url: "https://pub.dev"
    source: hosted
    version: "5.4.1"
  yaml:
    dependency: transitive
    description:
      name: yaml
      sha256: "75769501ea3489fca56601ff33454fe45507ea3bfb014161abc3b43ae25989d5"
      url: "https://pub.dev"
    source: hosted
    version: "3.1.2"
sdks:
  dart: ">=3.1.0 <4.0.0"
  flutter: ">=3.13.0"
